
Microsoft Visual Studio Solution File, Format Version 12.00
# Visual Studio Version 17
VisualStudioVersion = 17.4.33110.190
MinimumVisualStudioVersion = 10.0.40219.1
Project("{FAE04EC0-301F-11D3-BF4B-00C04F79EFBC}") = "KahveDükkanı", "KahveSatis\KahveDükkanı.csproj", "{99F0FB62-2BD7-4B1D-95C9-83961224FEA1}"
EndProject
Global
	GlobalSection(SolutionConfigurationPlatforms) = preSolution
		Debug|Any CPU = Debug|Any CPU
		Release|Any CPU = Release|Any CPU
	EndGlobalSection
	GlobalSection(ProjectConfigurationPlatforms) = postSolution
		{99F0FB62-2BD7-4B1D-95C9-83961224FEA1}.Debug|Any CPU.ActiveCfg = Debug|Any CPU
		{99F0FB62-2BD7-4B1D-95C9-83961224FEA1}.Debug|Any CPU.Build.0 = Debug|Any CPU
		{99F0FB62-2BD7-4B1D-95C9-83961224FEA1}.Release|Any CPU.ActiveCfg = Release|Any CPU
		{99F0FB62-2BD7-4B1D-95C9-83961224FEA1}.Release|Any CPU.Build.0 = Release|Any CPU
	EndGlobalSection
	GlobalSection(SolutionProperties) = preSolution
		HideSolutionNode = FALSE
	EndGlobalSection
	GlobalSection(ExtensibilityGlobals) = postSolution
		SolutionGuid = {F731290F-76CC-4A73-A0F1-92A24AF5967E}
	EndGlobalSection
EndGlobal
